
Microsoft Visual Studio Solution File, Format Version 12.00
# Visual Studio Version 17
VisualStudioVersion = 17.11.35222.181
MinimumVisualStudioVersion = 10.0.40219.1
Project("{FAE04EC0-301F-11D3-BF4B-00C04F79EFBC}") = "Chain of Responsibility", "Chain of Responsibility\Chain of Responsibility.csproj", "{A8925F53-BFDE-45EA-A861-37A540E7F15C}"
EndProject
Global
	GlobalSection(SolutionConfigurationPlatforms) = preSolution
		Debug|Any CPU = Debug|Any CPU
		Release|Any CPU = Release|Any CPU
	EndGlobalSection
	GlobalSection(ProjectConfigurationPlatforms) = postSolution
		{A8925F53-BFDE-45EA-A861-37A540E7F15C}.Debug|Any CPU.ActiveCfg = Debug|Any CPU
		{A8925F53-BFDE-45EA-A861-37A540E7F15C}.Debug|Any CPU.Build.0 = Debug|Any CPU
		{A8925F53-BFDE-45EA-A861-37A540E7F15C}.Release|Any CPU.ActiveCfg = Release|Any CPU
		{A8925F53-BFDE-45EA-A861-37A540E7F15C}.Release|Any CPU.Build.0 = Release|Any CPU
	EndGlobalSection
	GlobalSection(SolutionProperties) = preSolution
		HideSolutionNode = FALSE
	EndGlobalSection
	GlobalSection(ExtensibilityGlobals) = postSolution
		SolutionGuid = {1E8AABE6-4F69-49F5-9132-881700C60328}
	EndGlobalSection
EndGlobal
